{
  "pins" : [
    {
      "identity" : "alamofire",
      "kind" : "remoteSourceControl",
      "location" : "https://github.com/Alamofire/Alamofire.git",
      "state" : {
        "branch" : "master",
        "revision" : "134218330bdabe8fdca892a57123b2956d773af6"
      }
    }
  ],
  "version" : 2
}
